// !$*UTF8*$!
{
	archiveVersion = 1;
	classes = {
	};
	objectVersion = 56;
	objects = {

/* Begin PBXBuildFile section */
		849C9DD52A4DAADC004C9E10 /* AppDelegate.swift in Sources */ = {isa = PBXBuildFile; fileRef = 849C9DD42A4DAADC004C9E10 /* AppDelegate.swift */; };
		849C9DD72A4DAADC004C9E10 /* SceneDelegate.swift in Sources */ = {isa = PBXBuildFile; fileRef = 849C9DD62A4DAADC004C9E10 /* SceneDelegate.swift */; };
		849C9DD92A4DAADC004C9E10 /* ViewController.swift in Sources */ = {isa = PBXBuildFile; fileRef = 849C9DD82A4DAADC004C9E10 /* ViewController.swift */; };
		849C9DDC2A4DAADC004C9E10 /* Main.storyboard in Resources */ = {isa = PBXBuildFile; fileRef = 849C9DDA2A4DAADC004C9E10 /* Main.storyboard */; };
		849C9DDE2A4DAADE004C9E10 /* Assets.xcassets in Resources */ = {isa = PBXBuildFile; fileRef = 849C9DDD2A4DAADE004C9E10 /* Assets.xcassets */; };
		849C9DE12A4DAADE004C9E10 /* LaunchScreen.storyboard in Resources */ = {isa = PBXBuildFile; fileRef = 849C9DDF2A4DAADE004C9E10 /* LaunchScreen.storyboard */; };
		849C9DEA2A4DABEB004C9E10 /* FacilityModel.swift in Sources */ = {isa = PBXBuildFile; fileRef = 849C9DE92A4DABEB004C9E10 /* FacilityModel.swift */; };
		849C9DED2A4DAC2E004C9E10 /* APIConstants.swift in Sources */ = {isa = PBXBuildFile; fileRef = 849C9DEC2A4DAC2E004C9E10 /* APIConstants.swift */; };
		849C9DF02A4DAC42004C9E10 /* FacilityViewModel.swift in Sources */ = {isa = PBXBuildFile; fileRef = 849C9DEF2A4DAC42004C9E10 /* FacilityViewModel.swift */; };
		84F0C06F2A4DF32000024518 /* FacilityOptionTableViewCell.swift in Sources */ = {isa = PBXBuildFile; fileRef = 84F0C06D2A4DF32000024518 /* FacilityOptionTableViewCell.swift */; };
		84F0C0702A4DF32000024518 /* FacilityOptionTableViewCell.xib in Resources */ = {isa = PBXBuildFile; fileRef = 84F0C06E2A4DF32000024518 /* FacilityOptionTableViewCell.xib */; };
		84F0C0732A4F08F600024518 /* FacilityNetworkService.swift in Sources */ = {isa = PBXBuildFile; fileRef = 84F0C0722A4F08F600024518 /* FacilityNetworkService.swift */; };
/* End PBXBuildFile section */

/* Begin PBXFileReference section */
		849C9DD12A4DAADC004C9E10 /* Radius Assignment Swift.app */ = {isa = PBXFileReference; explicitFileType = wrapper.application; includeInIndex = 0; path = "Radius Assignment Swift.app"; sourceTree = BUILT_PRODUCTS_DIR; };
		849C9DD42A4DAADC004C9E10 /* AppDelegate.swift */ = {isa = PBXFileReference; lastKnownFileType = sourcecode.swift; path = AppDelegate.swift; sourceTree = "<group>"; };
		849C9DD62A4DAADC004C9E10 /* SceneDelegate.swift */ = {isa = PBXFileReference; lastKnownFileType = sourcecode.swift; path = SceneDelegate.swift; sourceTree = "<group>"; };
		849C9DD82A4DAADC004C9E10 /* ViewController.swift */ = {isa = PBXFileReference; lastKnownFileType = sourcecode.swift; path = ViewController.swift; sourceTree = "<group>"; };
		849C9DDB2A4DAADC004C9E10 /* Base */ = {isa = PBXFileReference; lastKnownFileType = file.storyboard; name = Base; path = Base.lproj/Main.storyboard; sourceTree = "<group>"; };
		849C9DDD2A4DAADE004C9E10 /* Assets.xcassets */ = {isa = PBXFileReference; lastKnownFileType = folder.assetcatalog; path = Assets.xcassets; sourceTree = "<group>"; };
		849C9DE02A4DAADE004C9E10 /* Base */ = {isa = PBXFileReference; lastKnownFileType = file.storyboard; name = Base; path = Base.lproj/LaunchScreen.storyboard; sourceTree = "<group>"; };
		849C9DE22A4DAADE004C9E10 /* Info.plist */ = {isa = PBXFileReference; lastKnownFileType = text.plist.xml; path = Info.plist; sourceTree = "<group>"; };
		849C9DE92A4DABEB004C9E10 /* FacilityModel.swift */ = {isa = PBXFileReference; lastKnownFileType = sourcecode.swift; path = FacilityModel.swift; sourceTree = "<group>"; };
		849C9DEC2A4DAC2E004C9E10 /* APIConstants.swift */ = {isa = PBXFileReference; fileEncoding = 4; lastKnownFileType = sourcecode.swift; path = APIConstants.swift; sourceTree = "<group>"; };
		849C9DEF2A4DAC42004C9E10 /* FacilityViewModel.swift */ = {isa = PBXFileReference; fileEncoding = 4; lastKnownFileType = sourcecode.swift; path = FacilityViewModel.swift; sourceTree = "<group>"; };
		84F0C06D2A4DF32000024518 /* FacilityOptionTableViewCell.swift */ = {isa = PBXFileReference; lastKnownFileType = sourcecode.swift; path = FacilityOptionTableViewCell.swift; sourceTree = "<group>"; };
		84F0C06E2A4DF32000024518 /* FacilityOptionTableViewCell.xib */ = {isa = PBXFileReference; lastKnownFileType = file.xib; path = FacilityOptionTableViewCell.xib; sourceTree = "<group>"; };
		84F0C0722A4F08F600024518 /* FacilityNetworkService.swift */ = {isa = PBXFileReference; lastKnownFileType = sourcecode.swift; path = FacilityNetworkService.swift; sourceTree = "<group>"; };
/* End PBXFileReference section */

/* Begin PBXFrameworksBuildPhase section */
		849C9DCE2A4DAADC004C9E10 /* Frameworks */ = {
			isa = PBXFrameworksBuildPhase;
			buildActionMask = 2147483647;
			files = (
			);
			runOnlyForDeploymentPostprocessing = 0;
		};
/* End PBXFrameworksBuildPhase section */

/* Begin PBXGroup section */
		849C9DC82A4DAADC004C9E10 = {
			isa = PBXGroup;
			children = (
				849C9DD32A4DAADC004C9E10 /* Radius Assignment Swift */,
				849C9DD22A4DAADC004C9E10 /* Products */,
			);
			sourceTree = "<group>";
		};
		849C9DD22A4DAADC004C9E10 /* Products */ = {
			isa = PBXGroup;
			children = (
				849C9DD12A4DAADC004C9E10 /* Radius Assignment Swift.app */,
			);
			name = Products;
			sourceTree = "<group>";
		};
		849C9DD32A4DAADC004C9E10 /* Radius Assignment Swift */ = {
			isa = PBXGroup;
			children = (
				84F0C0712A4F08E400024518 /* Services */,
				84F0C06A2A4DF2C900024518 /* Cells */,
				849C9DEE2A4DAC42004C9E10 /* ViewModels */,
				849C9DEB2A4DAC1F004C9E10 /* Constants */,
				849C9DE82A4DABD2004C9E10 /* Models */,
				849C9DD42A4DAADC004C9E10 /* AppDelegate.swift */,
				849C9DD62A4DAADC004C9E10 /* SceneDelegate.swift */,
				849C9DD82A4DAADC004C9E10 /* ViewController.swift */,
				849C9DDA2A4DAADC004C9E10 /* Main.storyboard */,
				849C9DDD2A4DAADE004C9E10 /* Assets.xcassets */,
				849C9DDF2A4DAADE004C9E10 /* LaunchScreen.storyboard */,
				849C9DE22A4DAADE004C9E10 /* Info.plist */,
			);
			path = "Radius Assignment Swift";
			sourceTree = "<group>";
		};
		849C9DE82A4DABD2004C9E10 /* Models */ = {
			isa = PBXGroup;
			children = (
				849C9DE92A4DABEB004C9E10 /* FacilityModel.swift */,
			);
			path = Models;
			sourceTree = "<group>";
		};
		849C9DEB2A4DAC1F004C9E10 /* Constants */ = {
			isa = PBXGroup;
			children = (
				849C9DEC2A4DAC2E004C9E10 /* APIConstants.swift */,
			);
			path = Constants;
			sourceTree = "<group>";
		};
		849C9DEE2A4DAC42004C9E10 /* ViewModels */ = {
			isa = PBXGroup;
			children = (
				849C9DEF2A4DAC42004C9E10 /* FacilityViewModel.swift */,
			);
			path = ViewModels;
			sourceTree = "<group>";
		};
		84F0C06A2A4DF2C900024518 /* Cells */ = {
			isa = PBXGroup;
			children = (
				84F0C06D2A4DF32000024518 /* FacilityOptionTableViewCell.swift */,
				84F0C06E2A4DF32000024518 /* FacilityOptionTableViewCell.xib */,
			);
			path = Cells;
			sourceTree = "<group>";
		};
		84F0C0712A4F08E400024518 /* Services */ = {
			isa = PBXGroup;
			children = (
				84F0C0722A4F08F600024518 /* FacilityNetworkService.swift */,
			);
			path = Services;
			sourceTree = "<group>";
		};
/* End PBXGroup section */

/* Begin PBXNativeTarget section */
		849C9DD02A4DAADC004C9E10 /* Radius Assignment Swift */ = {
			isa = PBXNativeTarget;
			buildConfigurationList = 849C9DE52A4DAADE004C9E10 /* Build configuration list for PBXNativeTarget "Radius Assignment Swift" */;
			buildPhases = (
				849C9DCD2A4DAADC004C9E10 /* Sources */,
				849C9DCE2A4DAADC004C9E10 /* Frameworks */,
				849C9DCF2A4DAADC004C9E10 /* Resources */,
			);
			buildRules = (
			);
			dependencies = (
			);
			name = "Radius Assignment Swift";
			productName = "Radius Assignment Swift";
			productReference = 849C9DD12A4DAADC004C9E10 /* Radius Assignment Swift.app */;
			productType = "com.apple.product-type.application";
		};
/* End PBXNativeTarget section */

/* Begin PBXProject section */
		849C9DC92A4DAADC004C9E10 /* Project object */ = {
			isa = PBXProject;
			attributes = {
				BuildIndependentTargetsInParallel = 1;
				LastSwiftUpdateCheck = 1430;
				LastUpgradeCheck = 1430;
				TargetAttributes = {
					849C9DD02A4DAADC004C9E10 = {
						CreatedOnToolsVersion = 14.3.1;
					};
				};
			};
			buildConfigurationList = 849C9DCC2A4DAADC004C9E10 /* Build configuration list for PBXProject "Radius Assignment Swift" */;
			compatibilityVersion = "Xcode 14.0";
			developmentRegion = en;
			hasScannedForEncodings = 0;
			knownRegions = (
				en,
				Base,
			);
			mainGroup = 849C9DC82A4DAADC004C9E10;
			productRefGroup = 849C9DD22A4DAADC004C9E10 /* Products */;
			projectDirPath = "";
			projectRoot = "";
			targets = (
				849C9DD02A4DAADC004C9E10 /* Radius Assignment Swift */,
			);
		};
/* End PBXProject section */

/* Begin PBXResourcesBuildPhase section */
		849C9DCF2A4DAADC004C9E10 /* Resources */ = {
			isa = PBXResourcesBuildPhase;
			buildActionMask = 2147483647;
			files = (
				849C9DE12A4DAADE004C9E10 /* LaunchScreen.storyboard in Resources */,
				84F0C0702A4DF32000024518 /* FacilityOptionTableViewCell.xib in Resources */,
				849C9DDE2A4DAADE004C9E10 /* Assets.xcassets in Resources */,
				849C9DDC2A4DAADC004C9E10 /* Main.storyboard in Resources */,
			);
			runOnlyForDeploymentPostprocessing = 0;
		};
/* End PBXResourcesBuildPhase section */

/* Begin PBXSourcesBuildPhase section */
		849C9DCD2A4DAADC004C9E10 /* Sources */ = {
			isa = PBXSourcesBuildPhase;
			buildActionMask = 2147483647;
			files = (
				84F0C06F2A4DF32000024518 /* FacilityOptionTableViewCell.swift in Sources */,
				849C9DEA2A4DABEB004C9E10 /* FacilityModel.swift in Sources */,
				849C9DED2A4DAC2E004C9E10 /* APIConstants.swift in Sources */,
				849C9DD92A4DAADC004C9E10 /* ViewController.swift in Sources */,
				849C9DD52A4DAADC004C9E10 /* AppDelegate.swift in Sources */,
				849C9DD72A4DAADC004C9E10 /* SceneDelegate.swift in Sources */,
				849C9DF02A4DAC42004C9E10 /* FacilityViewModel.swift in Sources */,
				84F0C0732A4F08F600024518 /* FacilityNetworkService.swift in Sources */,
			);
			runOnlyForDeploymentPostprocessing = 0;
		};
/* End PBXSourcesBuildPhase section */

/* Begin PBXVariantGroup section */
		849C9DDA2A4DAADC004C9E10 /* Main.storyboard */ = {
			isa = PBXVariantGroup;
			children = (
				849C9DDB2A4DAADC004C9E10 /* Base */,
			);
			name = Main.storyboard;
			sourceTree = "<group>";
		};
		849C9DDF2A4DAADE004C9E10 /* LaunchScreen.storyboard */ = {
			isa = PBXVariantGroup;
			children = (
				849C9DE02A4DAADE004C9E10 /* Base */,
			);
			name = LaunchScreen.storyboard;
			sourceTree = "<group>";
		};
/* End PBXVariantGroup section */

/* Begin XCBuildConfiguration section */
		849C9DE32A4DAADE004C9E10 /* Debug */ = {
			isa = XCBuildConfiguration;
			buildSettings = {
				ALWAYS_SEARCH_USER_PATHS = NO;
				CLANG_ANALYZER_NONNULL = YES;
				CLANG_ANALYZER_NUMBER_OBJECT_CONVERSION = YES_AGGRESSIVE;
				CLANG_CXX_LANGUAGE_STANDARD = "gnu++20";
				CLANG_ENABLE_MODULES = YES;
				CLANG_ENABLE_OBJC_ARC = YES;
				CLANG_ENABLE_OBJC_WEAK = YES;
				CLANG_WARN_BLOCK_CAPTURE_AUTORELEASING = YES;
				CLANG_WARN_BOOL_CONVERSION = YES;
				CLANG_WARN_COMMA = YES;
				CLANG_WARN_CONSTANT_CONVERSION = YES;
				CLANG_WARN_DEPRECATED_OBJC_IMPLEMENTATIONS = YES;
				CLANG_WARN_DIRECT_OBJC_ISA_USAGE = YES_ERROR;
				CLANG_WARN_DOCUMENTATION_COMMENTS = YES;
				CLANG_WARN_EMPTY_BODY = YES;
				CLANG_WARN_ENUM_CONVERSION = YES;
				CLANG_WARN_INFINITE_RECURSION = YES;
				CLANG_WARN_INT_CONVERSION = YES;
				CLANG_WARN_NON_LITERAL_NULL_CONVERSION = YES;
				CLANG_WARN_OBJC_IMPLICIT_RETAIN_SELF = YES;
				CLANG_WARN_OBJC_LITERAL_CONVERSION = YES;
				CLANG_WARN_OBJC_ROOT_CLASS = YES_ERROR;
				CLANG_WARN_QUOTED_INCLUDE_IN_FRAMEWORK_HEADER = YES;
				CLANG_WARN_RANGE_LOOP_ANALYSIS = YES;
				CLANG_WARN_STRICT_PROTOTYPES = YES;
				CLANG_WARN_SUSPICIOUS_MOVE = YES;
				CLANG_WARN_UNGUARDED_AVAILABILITY = YES_AGGRESSIVE;
				CLANG_WARN_UNREACHABLE_CODE = YES;
				CLANG_WARN__DUPLICATE_METHOD_MATCH = YES;
				COPY_PHASE_STRIP = NO;
				DEBUG_INFORMATION_FORMAT = dwarf;
				ENABLE_STRICT_OBJC_MSGSEND = YES;
				ENABLE_TESTABILITY = YES;
				GCC_C_LANGUAGE_STANDARD = gnu11;
				GCC_DYNAMIC_NO_PIC = NO;
				GCC_NO_COMMON_BLOCKS = YES;
				GCC_OPTIMIZATION_LEVEL = 0;
				GCC_PREPROCESSOR_DEFINITIONS = (
					"DEBUG=1",
					"$(inherited)",
				);
				GCC_WARN_64_TO_32_BIT_CONVERSION = YES;
				GCC_WARN_ABOUT_RETURN_TYPE = YES_ERROR;
				GCC_WARN_UNDECLARED_SELECTOR = YES;
				GCC_WARN_UNINITIALIZED_AUTOS = YES_AGGRESSIVE;
				GCC_WARN_UNUSED_FUNCTION = YES;
				GCC_WARN_UNUSED_VARIABLE = YES;
				IPHONEOS_DEPLOYMENT_TARGET = 16.4;
				MTL_ENABLE_DEBUG_INFO = INCLUDE_SOURCE;
				MTL_FAST_MATH = YES;
				ONLY_ACTIVE_ARCH = YES;
				SDKROOT = iphoneos;
				SWIFT_ACTIVE_COMPILATION_CONDITIONS = DEBUG;
				SWIFT_OPTIMIZATION_LEVEL = "-Onone";
			};
			name = Debug;
		};
		849C9DE42A4DAADE004C9E10 /* Release */ = {
			isa = XCBuildConfiguration;
			buildSettings = {
				ALWAYS_SEARCH_USER_PATHS = NO;
				CLANG_ANALYZER_NONNULL = YES;
				CLANG_ANALYZER_NUMBER_OBJECT_CONVERSION = YES_AGGRESSIVE;
				CLANG_CXX_LANGUAGE_STANDARD = "gnu++20";
				CLANG_ENABLE_MODULES = YES;
				CLANG_ENABLE_OBJC_ARC = YES;
				CLANG_ENABLE_OBJC_WEAK = YES;
				CLANG_WARN_BLOCK_CAPTURE_AUTORELEASING = YES;
				CLANG_WARN_BOOL_CONVERSION = YES;
				CLANG_WARN_COMMA = YES;
				CLANG_WARN_CONSTANT_CONVERSION = YES;
				CLANG_WARN_DEPRECATED_OBJC_IMPLEMENTATIONS = YES;
				CLANG_WARN_DIRECT_OBJC_ISA_USAGE = YES_ERROR;
				CLANG_WARN_DOCUMENTATION_COMMENTS = YES;
				CLANG_WARN_EMPTY_BODY = YES;
				CLANG_WARN_ENUM_CONVERSION = YES;
				CLANG_WARN_INFINITE_RECURSION = YES;
				CLANG_WARN_INT_CONVERSION = YES;
				CLANG_WARN_NON_LITERAL_NULL_CONVERSION = YES;
				CLANG_WARN_OBJC_IMPLICIT_RETAIN_SELF = YES;
				CLANG_WARN_OBJC_LITERAL_CONVERSION = YES;
				CLANG_WARN_OBJC_ROOT_CLASS = YES_ERROR;
				CLANG_WARN_QUOTED_INCLUDE_IN_FRAMEWORK_HEADER = YES;
				CLANG_WARN_RANGE_LOOP_ANALYSIS = YES;
				CLANG_WARN_STRICT_PROTOTYPES = YES;
				CLANG_WARN_SUSPICIOUS_MOVE = YES;
				CLANG_WARN_UNGUARDED_AVAILABILITY = YES_AGGRESSIVE;
				CLANG_WARN_UNREACHABLE_CODE = YES;
				CLANG_WARN__DUPLICATE_METHOD_MATCH = YES;
				COPY_PHASE_STRIP = NO;
				DEBUG_INFORMATION_FORMAT = "dwarf-with-dsym";
				ENABLE_NS_ASSERTIONS = NO;
				ENABLE_STRICT_OBJC_MSGSEND = YES;
				GCC_C_LANGUAGE_STANDARD = gnu11;
				GCC_NO_COMMON_BLOCKS = YES;
				GCC_WARN_64_TO_32_BIT_CONVERSION = YES;
				GCC_WARN_ABOUT_RETURN_TYPE = YES_ERROR;
				GCC_WARN_UNDECLARED_SELECTOR = YES;
				GCC_WARN_UNINITIALIZED_AUTOS = YES_AGGRESSIVE;
				GCC_WARN_UNUSED_FUNCTION = YES;
				GCC_WARN_UNUSED_VARIABLE = YES;
				IPHONEOS_DEPLOYMENT_TARGET = 16.4;
				MTL_ENABLE_DEBUG_INFO = NO;
				MTL_FAST_MATH = YES;
				SDKROOT = iphoneos;
				SWIFT_COMPILATION_MODE = wholemodule;
				SWIFT_OPTIMIZATION_LEVEL = "-O";
				VALIDATE_PRODUCT = YES;
			};
			name = Release;
		};
		849C9DE62A4DAADE004C9E10 /* Debug */ = {
			isa = XCBuildConfiguration;
			buildSettings = {
				ASSETCATALOG_COMPILER_APPICON_NAME = AppIcon;
				ASSETCATALOG_COMPILER_GLOBAL_ACCENT_COLOR_NAME = AccentColor;
				CODE_SIGN_STYLE = Automatic;
				CURRENT_PROJECT_VERSION = 1;
				DEVELOPMENT_TEAM = 757W287PJK;
				GENERATE_INFOPLIST_FILE = YES;
				INFOPLIST_FILE = "Radius Assignment Swift/Info.plist";
				INFOPLIST_KEY_UIApplicationSupportsIndirectInputEvents = YES;
				INFOPLIST_KEY_UILaunchStoryboardName = LaunchScreen;
				INFOPLIST_KEY_UIMainStoryboardFile = Main;
				INFOPLIST_KEY_UISupportedInterfaceOrientations_iPad = "UIInterfaceOrientationPortrait UIInterfaceOrientationPortraitUpsideDown UIInterfaceOrientationLandscapeLeft UIInterfaceOrientationLandscapeRight";
				INFOPLIST_KEY_UISupportedInterfaceOrientations_iPhone = "UIInterfaceOrientationPortrait UIInterfaceOrientationLandscapeLeft UIInterfaceOrientationLandscapeRight";
				LD_RUNPATH_SEARCH_PATHS = (
					"$(inherited)",
					"@executable_path/Frameworks",
				);
				MARKETING_VERSION = 1.0;
				PRODUCT_BUNDLE_IDENTIFIER = "com.app.Radius-Assignment-Swift";
				PRODUCT_NAME = "$(TARGET_NAME)";
				SWIFT_EMIT_LOC_STRINGS = YES;
				SWIFT_VERSION = 5.0;
				TARGETED_DEVICE_FAMILY = "1,2";
			};
			name = Debug;
		};
		849C9DE72A4DAADE004C9E10 /* Release */ = {
			isa = XCBuildConfiguration;
			buildSettings = {
				ASSETCATALOG_COMPILER_APPICON_NAME = AppIcon;
				ASSETCATALOG_COMPILER_GLOBAL_ACCENT_COLOR_NAME = AccentColor;
				CODE_SIGN_STYLE = Automatic;
				CURRENT_PROJECT_VERSION = 1;
				DEVELOPMENT_TEAM = 757W287PJK;
				GENERATE_INFOPLIST_FILE = YES;
				INFOPLIST_FILE = "Radius Assignment Swift/Info.plist";
				INFOPLIST_KEY_UIApplicationSupportsIndirectInputEvents = YES;
				INFOPLIST_KEY_UILaunchStoryboardName = LaunchScreen;
				INFOPLIST_KEY_UIMainStoryboardFile = Main;
				INFOPLIST_KEY_UISupportedInterfaceOrientations_iPad = "UIInterfaceOrientationPortrait UIInterfaceOrientationPortraitUpsideDown UIInterfaceOrientationLandscapeLeft UIInterfaceOrientationLandscapeRight";
				INFOPLIST_KEY_UISupportedInterfaceOrientations_iPhone = "UIInterfaceOrientationPortrait UIInterfaceOrientationLandscapeLeft UIInterfaceOrientationLandscapeRight";
				LD_RUNPATH_SEARCH_PATHS = (
					"$(inherited)",
					"@executable_path/Frameworks",
				);
				MARKETING_VERSION = 1.0;
				PRODUCT_BUNDLE_IDENTIFIER = "com.app.Radius-Assignment-Swift";
				PRODUCT_NAME = "$(TARGET_NAME)";
				SWIFT_EMIT_LOC_STRINGS = YES;
				SWIFT_VERSION = 5.0;
				TARGETED_DEVICE_FAMILY = "1,2";
			};
			name = Release;
		};
/* End XCBuildConfiguration section */

/* Begin XCConfigurationList section */
		849C9DCC2A4DAADC004C9E10 /* Build configuration list for PBXProject "Radius Assignment Swift" */ = {
			isa = XCConfigurationList;
			buildConfigurations = (
				849C9DE32A4DAADE004C9E10 /* Debug */,
				849C9DE42A4DAADE004C9E10 /* Release */,
			);
			defaultConfigurationIsVisible = 0;
			defaultConfigurationName = Release;
		};
		849C9DE52A4DAADE004C9E10 /* Build configuration list for PBXNativeTarget "Radius Assignment Swift" */ = {
			isa = XCConfigurationList;
			buildConfigurations = (
				849C9DE62A4DAADE004C9E10 /* Debug */,
				849C9DE72A4DAADE004C9E10 /* Release */,
			);
			defaultConfigurationIsVisible = 0;
			defaultConfigurationName = Release;
		};
/* End XCConfigurationList section */
	};
	rootObject = 849C9DC92A4DAADC004C9E10 /* Project object */;
}
